
Microsoft Visual Studio Solution File, Format Version 12.00
# Visual Studio 15
VisualStudioVersion = 15.0.26730.16
MinimumVisualStudioVersion = 10.0.40219.1
Project("{9A19103F-16F7-4668-BE54-9A1E7A4F7556}") = "PeckingOrder", "PeckingOrder\PeckingOrder.csproj", "{7826662B-C8D4-478B-804F-82F2787A1EEE}"
EndProject
Project("{FAE04EC0-301F-11D3-BF4B-00C04F79EFBC}") = "PeckingOrder.Tests", "PeckingOrder.Tests\PeckingOrder.Tests.csproj", "{A0435294-57C8-49DB-9EB8-3DDA53F38AC6}"
EndProject
Global
	GlobalSection(SolutionConfigurationPlatforms) = preSolution
		Debug|Any CPU = Debug|Any CPU
		Release|Any CPU = Release|Any CPU
	EndGlobalSection
	GlobalSection(ProjectConfigurationPlatforms) = postSolution
		{7826662B-C8D4-478B-804F-82F2787A1EEE}.Debug|Any CPU.ActiveCfg = Debug|Any CPU
		{7826662B-C8D4-478B-804F-82F2787A1EEE}.Debug|Any CPU.Build.0 = Debug|Any CPU
		{7826662B-C8D4-478B-804F-82F2787A1EEE}.Release|Any CPU.ActiveCfg = Release|Any CPU
		{7826662B-C8D4-478B-804F-82F2787A1EEE}.Release|Any CPU.Build.0 = Release|Any CPU
		{A0435294-57C8-49DB-9EB8-3DDA53F38AC6}.Debug|Any CPU.ActiveCfg = Debug|Any CPU
		{A0435294-57C8-49DB-9EB8-3DDA53F38AC6}.Debug|Any CPU.Build.0 = Debug|Any CPU
		{A0435294-57C8-49DB-9EB8-3DDA53F38AC6}.Release|Any CPU.ActiveCfg = Release|Any CPU
		{A0435294-57C8-49DB-9EB8-3DDA53F38AC6}.Release|Any CPU.Build.0 = Release|Any CPU
	EndGlobalSection
	GlobalSection(SolutionProperties) = preSolution
		HideSolutionNode = FALSE
	EndGlobalSection
	GlobalSection(ExtensibilityGlobals) = postSolution
		SolutionGuid = {53599AE7-0072-4A6D-87FE-A45AA74E2D55}
	EndGlobalSection
EndGlobal
